
Microsoft Visual Studio Solution File, Format Version 12.00
# Visual Studio 15
VisualStudioVersion = 15.0.27130.2020
MinimumVisualStudioVersion = 10.0.40219.1
Project("{FAE04EC0-301F-11D3-BF4B-00C04F79EFBC}") = "HidedProcessLauncher", "HidedProcessLauncher\HidedProcessLauncher.csproj", "{B6C989C8-102F-440C-998A-755BB0114904}"
EndProject
Global
	GlobalSection(SolutionConfigurationPlatforms) = preSolution
		Debug|Any CPU = Debug|Any CPU
		Release|Any CPU = Release|Any CPU
	EndGlobalSection
	GlobalSection(ProjectConfigurationPlatforms) = postSolution
		{B6C989C8-102F-440C-998A-755BB0114904}.Debug|Any CPU.ActiveCfg = Debug|Any CPU
		{B6C989C8-102F-440C-998A-755BB0114904}.Debug|Any CPU.Build.0 = Debug|Any CPU
		{B6C989C8-102F-440C-998A-755BB0114904}.Release|Any CPU.ActiveCfg = Release|Any CPU
		{B6C989C8-102F-440C-998A-755BB0114904}.Release|Any CPU.Build.0 = Release|Any CPU
	EndGlobalSection
	GlobalSection(SolutionProperties) = preSolution
		HideSolutionNode = FALSE
	EndGlobalSection
	GlobalSection(ExtensibilityGlobals) = postSolution
		SolutionGuid = {CBD811B8-8626-4546-B88B-EEDDE6F150EB}
	EndGlobalSection
EndGlobal
